
Microsoft Visual Studio Solution File, Format Version 10.00
# Visual Studio 2008
Project("{D2ABAB84-BF74-430A-B69E-9DC6D40DDA17}") = "National Collisions Data Mart", "National Collisions Data Mart\National Collisions Data Mart.dwproj", "{22FCC255-F441-4E24-B635-2D6E7B53739D}"
EndProject
Global
	GlobalSection(SolutionConfigurationPlatforms) = preSolution
		Development|Default = Development|Default
	EndGlobalSection
	GlobalSection(ProjectConfigurationPlatforms) = postSolution
		{22FCC255-F441-4E24-B635-2D6E7B53739D}.Development|Default.ActiveCfg = Development
		{22FCC255-F441-4E24-B635-2D6E7B53739D}.Development|Default.Build.0 = Development
		{22FCC255-F441-4E24-B635-2D6E7B53739D}.Development|Default.Deploy.0 = Development
	EndGlobalSection
	GlobalSection(SolutionProperties) = preSolution
		HideSolutionNode = FALSE
	EndGlobalSection
EndGlobal
